
Microsoft Visual Studio Solution File, Format Version 12.00
# Visual Studio Version 17
VisualStudioVersion = 17.7.34018.315
MinimumVisualStudioVersion = 10.0.40219.1
Project("{FAE04EC0-301F-11D3-BF4B-00C04F79EFBC}") = "LibraryManagementSystem", "LibraryManagementSystem\LibraryManagementSystem.csproj", "{0819D625-85A5-44F5-AEC4-3BFB13ED488B}"
EndProject
Global
	GlobalSection(SolutionConfigurationPlatforms) = preSolution
		Debug|Any CPU = Debug|Any CPU
		Release|Any CPU = Release|Any CPU
	EndGlobalSection
	GlobalSection(ProjectConfigurationPlatforms) = postSolution
		{0819D625-85A5-44F5-AEC4-3BFB13ED488B}.Debug|Any CPU.ActiveCfg = Debug|Any CPU
		{0819D625-85A5-44F5-AEC4-3BFB13ED488B}.Debug|Any CPU.Build.0 = Debug|Any CPU
		{0819D625-85A5-44F5-AEC4-3BFB13ED488B}.Release|Any CPU.ActiveCfg = Release|Any CPU
		{0819D625-85A5-44F5-AEC4-3BFB13ED488B}.Release|Any CPU.Build.0 = Release|Any CPU
	EndGlobalSection
	GlobalSection(SolutionProperties) = preSolution
		HideSolutionNode = FALSE
	EndGlobalSection
	GlobalSection(ExtensibilityGlobals) = postSolution
		SolutionGuid = {C8301C09-ACF9-481E-BE88-81B002D84A03}
	EndGlobalSection
EndGlobal
